
Microsoft Visual Studio Solution File, Format Version 12.00
Project("{FAE04EC0-301F-11D3-BF4B-00C04F79EFBC}") = "Flags", "Flags\Flags.csproj", "{F2ECD143-1016-4388-BCBE-E846FDF11671}"
EndProject
Project("{FAE04EC0-301F-11D3-BF4B-00C04F79EFBC}") = "Flags.Tests", "Flags.Tests\Flags.Tests.csproj", "{87831872-25DC-42E2-8150-FCC34820C2F8}"
EndProject
Global
	GlobalSection(SolutionConfigurationPlatforms) = preSolution
		Debug|Any CPU = Debug|Any CPU
		Release|Any CPU = Release|Any CPU
	EndGlobalSection
	GlobalSection(ProjectConfigurationPlatforms) = postSolution
		{F2ECD143-1016-4388-BCBE-E846FDF11671}.Debug|Any CPU.ActiveCfg = Debug|Any CPU
		{F2ECD143-1016-4388-BCBE-E846FDF11671}.Debug|Any CPU.Build.0 = Debug|Any CPU
		{F2ECD143-1016-4388-BCBE-E846FDF11671}.Release|Any CPU.ActiveCfg = Release|Any CPU
		{F2ECD143-1016-4388-BCBE-E846FDF11671}.Release|Any CPU.Build.0 = Release|Any CPU
		{87831872-25DC-42E2-8150-FCC34820C2F8}.Debug|Any CPU.ActiveCfg = Debug|Any CPU
		{87831872-25DC-42E2-8150-FCC34820C2F8}.Debug|Any CPU.Build.0 = Debug|Any CPU
		{87831872-25DC-42E2-8150-FCC34820C2F8}.Release|Any CPU.ActiveCfg = Release|Any CPU
		{87831872-25DC-42E2-8150-FCC34820C2F8}.Release|Any CPU.Build.0 = Release|Any CPU
	EndGlobalSection
EndGlobal
